// !$*UTF8*$!
{
	archiveVersion = 1;
	classes = {
	};
	objectVersion = 50;
	objects = {

/* Begin PBXBuildFile section */
		A113D59828F75A7600D5049F /* ImogenApp.swift in Sources */ = {isa = PBXBuildFile; fileRef = A113D59728F75A7600D5049F /* ImogenApp.swift */; };
		A113D59A28F75A7600D5049F /* ContentView.swift in Sources */ = {isa = PBXBuildFile; fileRef = A113D59928F75A7600D5049F /* ContentView.swift */; };
		A113D59C28F75A7900D5049F /* Assets.xcassets in Resources */ = {isa = PBXBuildFile; fileRef = A113D59B28F75A7900D5049F /* Assets.xcassets */; };
		A113D59F28F75A7900D5049F /* Preview Assets.xcassets in Resources */ = {isa = PBXBuildFile; fileRef = A113D59E28F75A7900D5049F /* Preview Assets.xcassets */; };
		A113D5AA28F75A7A00D5049F /* ImogenTests.swift in Sources */ = {isa = PBXBuildFile; fileRef = A113D5A928F75A7A00D5049F /* ImogenTests.swift */; };
		A113D5B528F75A7A00D5049F /* ImogenUITests.swift in Sources */ = {isa = PBXBuildFile; fileRef = A113D5B428F75A7A00D5049F /* ImogenUITests.swift */; };
		A113D5C628F7670800D5049F /* PicturesListScreen.swift in Sources */ = {isa = PBXBuildFile; fileRef = A113D5C528F7670800D5049F /* PicturesListScreen.swift */; };
		A1CED2CC29313F4D00CBAB49 /* Picture.swift in Sources */ = {isa = PBXBuildFile; fileRef = A1CED2CB29313F4D00CBAB49 /* Picture.swift */; };
		A1CED2CE2931404400CBAB49 /* PicturesListView.swift in Sources */ = {isa = PBXBuildFile; fileRef = A1CED2CD2931404400CBAB49 /* PicturesListView.swift */; };
		A1CED2D32931450300CBAB49 /* PictureRowView.swift in Sources */ = {isa = PBXBuildFile; fileRef = A1CED2D22931450300CBAB49 /* PictureRowView.swift */; };
/* End PBXBuildFile section */

/* Begin PBXContainerItemProxy section */
		A113D5A628F75A7A00D5049F /* PBXContainerItemProxy */ = {
			isa = PBXContainerItemProxy;
			containerPortal = A113D58C28F75A7600D5049F /* Project object */;
			proxyType = 1;
			remoteGlobalIDString = A113D59328F75A7600D5049F;
			remoteInfo = Landmarks;
		};
		A113D5B128F75A7A00D5049F /* PBXContainerItemProxy */ = {
			isa = PBXContainerItemProxy;
			containerPortal = A113D58C28F75A7600D5049F /* Project object */;
			proxyType = 1;
			remoteGlobalIDString = A113D59328F75A7600D5049F;
			remoteInfo = Landmarks;
		};
/* End PBXContainerItemProxy section */

/* Begin PBXFileReference section */
		A113D59428F75A7600D5049F /* Imogen.app */ = {isa = PBXFileReference; explicitFileType = wrapper.application; includeInIndex = 0; path = Imogen.app; sourceTree = BUILT_PRODUCTS_DIR; };
		A113D59728F75A7600D5049F /* ImogenApp.swift */ = {isa = PBXFileReference; lastKnownFileType = sourcecode.swift; path = ImogenApp.swift; sourceTree = "<group>"; };
		A113D59928F75A7600D5049F /* ContentView.swift */ = {isa = PBXFileReference; lastKnownFileType = sourcecode.swift; path = ContentView.swift; sourceTree = "<group>"; };
		A113D59B28F75A7900D5049F /* Assets.xcassets */ = {isa = PBXFileReference; lastKnownFileType = folder.assetcatalog; path = Assets.xcassets; sourceTree = "<group>"; };
		A113D59E28F75A7900D5049F /* Preview Assets.xcassets */ = {isa = PBXFileReference; lastKnownFileType = folder.assetcatalog; path = "Preview Assets.xcassets"; sourceTree = "<group>"; };
		A113D5A028F75A7900D5049F /* Info.plist */ = {isa = PBXFileReference; lastKnownFileType = text.plist.xml; path = Info.plist; sourceTree = "<group>"; };
		A113D5A528F75A7A00D5049F /* ImogenTests.xctest */ = {isa = PBXFileReference; explicitFileType = wrapper.cfbundle; includeInIndex = 0; path = ImogenTests.xctest; sourceTree = BUILT_PRODUCTS_DIR; };
		A113D5A928F75A7A00D5049F /* ImogenTests.swift */ = {isa = PBXFileReference; lastKnownFileType = sourcecode.swift; path = ImogenTests.swift; sourceTree = "<group>"; };
		A113D5AB28F75A7A00D5049F /* Info.plist */ = {isa = PBXFileReference; lastKnownFileType = text.plist.xml; path = Info.plist; sourceTree = "<group>"; };
		A113D5B028F75A7A00D5049F /* ImogenUITests.xctest */ = {isa = PBXFileReference; explicitFileType = wrapper.cfbundle; includeInIndex = 0; path = ImogenUITests.xctest; sourceTree = BUILT_PRODUCTS_DIR; };
		A113D5B428F75A7A00D5049F /* ImogenUITests.swift */ = {isa = PBXFileReference; lastKnownFileType = sourcecode.swift; path = ImogenUITests.swift; sourceTree = "<group>"; };
		A113D5B628F75A7A00D5049F /* Info.plist */ = {isa = PBXFileReference; lastKnownFileType = text.plist.xml; path = Info.plist; sourceTree = "<group>"; };
		A113D5C528F7670800D5049F /* PicturesListScreen.swift */ = {isa = PBXFileReference; lastKnownFileType = sourcecode.swift; path = PicturesListScreen.swift; sourceTree = "<group>"; };
		A1CED2CB29313F4D00CBAB49 /* Picture.swift */ = {isa = PBXFileReference; lastKnownFileType = sourcecode.swift; path = Picture.swift; sourceTree = "<group>"; };
		A1CED2CD2931404400CBAB49 /* PicturesListView.swift */ = {isa = PBXFileReference; lastKnownFileType = sourcecode.swift; path = PicturesListView.swift; sourceTree = "<group>"; };
		A1CED2D22931450300CBAB49 /* PictureRowView.swift */ = {isa = PBXFileReference; lastKnownFileType = sourcecode.swift; path = PictureRowView.swift; sourceTree = "<group>"; };
/* End PBXFileReference section */

/* Begin PBXFrameworksBuildPhase section */
		A113D59128F75A7600D5049F /* Frameworks */ = {
			isa = PBXFrameworksBuildPhase;
			buildActionMask = 2147483647;
			files = (
			);
			runOnlyForDeploymentPostprocessing = 0;
		};
		A113D5A228F75A7A00D5049F /* Frameworks */ = {
			isa = PBXFrameworksBuildPhase;
			buildActionMask = 2147483647;
			files = (
			);
			runOnlyForDeploymentPostprocessing = 0;
		};
		A113D5AD28F75A7A00D5049F /* Frameworks */ = {
			isa = PBXFrameworksBuildPhase;
			buildActionMask = 2147483647;
			files = (
			);
			runOnlyForDeploymentPostprocessing = 0;
		};
/* End PBXFrameworksBuildPhase section */

/* Begin PBXGroup section */
		A113D58B28F75A7600D5049F = {
			isa = PBXGroup;
			children = (
				A113D59B28F75A7900D5049F /* Assets.xcassets */,
				A1CED2D42931459600CBAB49 /* Model */,
				A1CED2D22931450300CBAB49 /* PictureRowView.swift */,
				A113D59628F75A7600D5049F /* Imogen */,
				A113D5A828F75A7A00D5049F /* ImogenTests */,
				A113D5B328F75A7A00D5049F /* ImogenUITests */,
				A113D59528F75A7600D5049F /* Products */,
			);
			sourceTree = "<group>";
		};
		A113D59528F75A7600D5049F /* Products */ = {
			isa = PBXGroup;
			children = (
				A113D59428F75A7600D5049F /* Imogen.app */,
				A113D5A528F75A7A00D5049F /* ImogenTests.xctest */,
				A113D5B028F75A7A00D5049F /* ImogenUITests.xctest */,
			);
			name = Products;
			sourceTree = "<group>";
		};
		A113D59628F75A7600D5049F /* Imogen */ = {
			isa = PBXGroup;
			children = (
				A113D59728F75A7600D5049F /* ImogenApp.swift */,
				A113D59928F75A7600D5049F /* ContentView.swift */,
				A113D5C528F7670800D5049F /* PicturesListScreen.swift */,
				A1CED2CD2931404400CBAB49 /* PicturesListView.swift */,
				A113D5A028F75A7900D5049F /* Info.plist */,
				A113D59D28F75A7900D5049F /* Preview Content */,
			);
			path = Imogen;
			sourceTree = "<group>";
		};
		A113D59D28F75A7900D5049F /* Preview Content */ = {
			isa = PBXGroup;
			children = (
				A113D59E28F75A7900D5049F /* Preview Assets.xcassets */,
			);
			path = "Preview Content";
			sourceTree = "<group>";
		};
		A113D5A828F75A7A00D5049F /* ImogenTests */ = {
			isa = PBXGroup;
			children = (
				A113D5A928F75A7A00D5049F /* ImogenTests.swift */,
				A113D5AB28F75A7A00D5049F /* Info.plist */,
			);
			path = ImogenTests;
			sourceTree = "<group>";
		};
		A113D5B328F75A7A00D5049F /* ImogenUITests */ = {
			isa = PBXGroup;
			children = (
				A113D5B428F75A7A00D5049F /* ImogenUITests.swift */,
				A113D5B628F75A7A00D5049F /* Info.plist */,
			);
			path = ImogenUITests;
			sourceTree = "<group>";
		};
		A1CED2D42931459600CBAB49 /* Model */ = {
			isa = PBXGroup;
			children = (
				A1CED2CB29313F4D00CBAB49 /* Picture.swift */,
			);
			path = Model;
			sourceTree = "<group>";
		};
/* End PBXGroup section */

/* Begin PBXNativeTarget section */
		A113D59328F75A7600D5049F /* Imogen */ = {
			isa = PBXNativeTarget;
			buildConfigurationList = A113D5B928F75A7A00D5049F /* Build configuration list for PBXNativeTarget "Imogen" */;
			buildPhases = (
				A113D59028F75A7600D5049F /* Sources */,
				A113D59128F75A7600D5049F /* Frameworks */,
				A113D59228F75A7600D5049F /* Resources */,
			);
			buildRules = (
			);
			dependencies = (
			);
			name = Imogen;
			productName = Landmarks;
			productReference = A113D59428F75A7600D5049F /* Imogen.app */;
			productType = "com.apple.product-type.application";
		};
		A113D5A428F75A7A00D5049F /* ImogenTests */ = {
			isa = PBXNativeTarget;
			buildConfigurationList = A113D5BC28F75A7A00D5049F /* Build configuration list for PBXNativeTarget "ImogenTests" */;
			buildPhases = (
				A113D5A128F75A7A00D5049F /* Sources */,
				A113D5A228F75A7A00D5049F /* Frameworks */,
				A113D5A328F75A7A00D5049F /* Resources */,
			);
			buildRules = (
			);
			dependencies = (
				A113D5A728F75A7A00D5049F /* PBXTargetDependency */,
			);
			name = ImogenTests;
			productName = LandmarksTests;
			productReference = A113D5A528F75A7A00D5049F /* ImogenTests.xctest */;
			productType = "com.apple.product-type.bundle.unit-test";
		};
		A113D5AF28F75A7A00D5049F /* ImogenUITests */ = {
			isa = PBXNativeTarget;
			buildConfigurationList = A113D5BF28F75A7A00D5049F /* Build configuration list for PBXNativeTarget "ImogenUITests" */;
			buildPhases = (
				A113D5AC28F75A7A00D5049F /* Sources */,
				A113D5AD28F75A7A00D5049F /* Frameworks */,
				A113D5AE28F75A7A00D5049F /* Resources */,
			);
			buildRules = (
			);
			dependencies = (
				A113D5B228F75A7A00D5049F /* PBXTargetDependency */,
			);
			name = ImogenUITests;
			productName = LandmarksUITests;
			productReference = A113D5B028F75A7A00D5049F /* ImogenUITests.xctest */;
			productType = "com.apple.product-type.bundle.ui-testing";
		};
/* End PBXNativeTarget section */

/* Begin PBXProject section */
		A113D58C28F75A7600D5049F /* Project object */ = {
			isa = PBXProject;
			attributes = {
				LastSwiftUpdateCheck = 1240;
				LastUpgradeCheck = 1240;
				TargetAttributes = {
					A113D59328F75A7600D5049F = {
						CreatedOnToolsVersion = 12.4;
					};
					A113D5A428F75A7A00D5049F = {
						CreatedOnToolsVersion = 12.4;
						TestTargetID = A113D59328F75A7600D5049F;
					};
					A113D5AF28F75A7A00D5049F = {
						CreatedOnToolsVersion = 12.4;
						TestTargetID = A113D59328F75A7600D5049F;
					};
				};
			};
			buildConfigurationList = A113D58F28F75A7600D5049F /* Build configuration list for PBXProject "Imogen" */;
			compatibilityVersion = "Xcode 9.3";
			developmentRegion = en;
			hasScannedForEncodings = 0;
			knownRegions = (
				en,
				Base,
			);
			mainGroup = A113D58B28F75A7600D5049F;
			productRefGroup = A113D59528F75A7600D5049F /* Products */;
			projectDirPath = "";
			projectRoot = "";
			targets = (
				A113D59328F75A7600D5049F /* Imogen */,
				A113D5A428F75A7A00D5049F /* ImogenTests */,
				A113D5AF28F75A7A00D5049F /* ImogenUITests */,
			);
		};
/* End PBXProject section */

/* Begin PBXResourcesBuildPhase section */
		A113D59228F75A7600D5049F /* Resources */ = {
			isa = PBXResourcesBuildPhase;
			buildActionMask = 2147483647;
			files = (
				A113D59F28F75A7900D5049F /* Preview Assets.xcassets in Resources */,
				A113D59C28F75A7900D5049F /* Assets.xcassets in Resources */,
			);
			runOnlyForDeploymentPostprocessing = 0;
		};
		A113D5A328F75A7A00D5049F /* Resources */ = {
			isa = PBXResourcesBuildPhase;
			buildActionMask = 2147483647;
			files = (
			);
			runOnlyForDeploymentPostprocessing = 0;
		};
		A113D5AE28F75A7A00D5049F /* Resources */ = {
			isa = PBXResourcesBuildPhase;
			buildActionMask = 2147483647;
			files = (
			);
			runOnlyForDeploymentPostprocessing = 0;
		};
/* End PBXResourcesBuildPhase section */

/* Begin PBXSourcesBuildPhase section */
		A113D59028F75A7600D5049F /* Sources */ = {
			isa = PBXSourcesBuildPhase;
			buildActionMask = 2147483647;
			files = (
				A113D59A28F75A7600D5049F /* ContentView.swift in Sources */,
				A1CED2CC29313F4D00CBAB49 /* Picture.swift in Sources */,
				A113D59828F75A7600D5049F /* ImogenApp.swift in Sources */,
				A1CED2D32931450300CBAB49 /* PictureRowView.swift in Sources */,
				A1CED2CE2931404400CBAB49 /* PicturesListView.swift in Sources */,
				A113D5C628F7670800D5049F /* PicturesListScreen.swift in Sources */,
			);
			runOnlyForDeploymentPostprocessing = 0;
		};
		A113D5A128F75A7A00D5049F /* Sources */ = {
			isa = PBXSourcesBuildPhase;
			buildActionMask = 2147483647;
			files = (
				A113D5AA28F75A7A00D5049F /* ImogenTests.swift in Sources */,
			);
			runOnlyForDeploymentPostprocessing = 0;
		};
		A113D5AC28F75A7A00D5049F /* Sources */ = {
			isa = PBXSourcesBuildPhase;
			buildActionMask = 2147483647;
			files = (
				A113D5B528F75A7A00D5049F /* ImogenUITests.swift in Sources */,
			);
			runOnlyForDeploymentPostprocessing = 0;
		};
/* End PBXSourcesBuildPhase section */

/* Begin PBXTargetDependency section */
		A113D5A728F75A7A00D5049F /* PBXTargetDependency */ = {
			isa = PBXTargetDependency;
			target = A113D59328F75A7600D5049F /* Imogen */;
			targetProxy = A113D5A628F75A7A00D5049F /* PBXContainerItemProxy */;
		};
		A113D5B228F75A7A00D5049F /* PBXTargetDependency */ = {
			isa = PBXTargetDependency;
			target = A113D59328F75A7600D5049F /* Imogen */;
			targetProxy = A113D5B128F75A7A00D5049F /* PBXContainerItemProxy */;
		};
/* End PBXTargetDependency section */

/* Begin XCBuildConfiguration section */
		A113D5B728F75A7A00D5049F /* Debug */ = {
			isa = XCBuildConfiguration;
			buildSettings = {
				ALWAYS_SEARCH_USER_PATHS = NO;
				CLANG_ANALYZER_NONNULL = YES;
				CLANG_ANALYZER_NUMBER_OBJECT_CONVERSION = YES_AGGRESSIVE;
				CLANG_CXX_LANGUAGE_STANDARD = "gnu++14";
				CLANG_CXX_LIBRARY = "libc++";
				CLANG_ENABLE_MODULES = YES;
				CLANG_ENABLE_OBJC_ARC = YES;
				CLANG_ENABLE_OBJC_WEAK = YES;
				CLANG_WARN_BLOCK_CAPTURE_AUTORELEASING = YES;
				CLANG_WARN_BOOL_CONVERSION = YES;
				CLANG_WARN_COMMA = YES;
				CLANG_WARN_CONSTANT_CONVERSION = YES;
				CLANG_WARN_DEPRECATED_OBJC_IMPLEMENTATIONS = YES;
				CLANG_WARN_DIRECT_OBJC_ISA_USAGE = YES_ERROR;
				CLANG_WARN_DOCUMENTATION_COMMENTS = YES;
				CLANG_WARN_EMPTY_BODY = YES;
				CLANG_WARN_ENUM_CONVERSION = YES;
				CLANG_WARN_INFINITE_RECURSION = YES;
				CLANG_WARN_INT_CONVERSION = YES;
				CLANG_WARN_NON_LITERAL_NULL_CONVERSION = YES;
				CLANG_WARN_OBJC_IMPLICIT_RETAIN_SELF = YES;
				CLANG_WARN_OBJC_LITERAL_CONVERSION = YES;
				CLANG_WARN_OBJC_ROOT_CLASS = YES_ERROR;
				CLANG_WARN_QUOTED_INCLUDE_IN_FRAMEWORK_HEADER = YES;
				CLANG_WARN_RANGE_LOOP_ANALYSIS = YES;
				CLANG_WARN_STRICT_PROTOTYPES = YES;
				CLANG_WARN_SUSPICIOUS_MOVE = YES;
				CLANG_WARN_UNGUARDED_AVAILABILITY = YES_AGGRESSIVE;
				CLANG_WARN_UNREACHABLE_CODE = YES;
				CLANG_WARN__DUPLICATE_METHOD_MATCH = YES;
				COPY_PHASE_STRIP = NO;
				DEBUG_INFORMATION_FORMAT = dwarf;
				ENABLE_STRICT_OBJC_MSGSEND = YES;
				ENABLE_TESTABILITY = YES;
				GCC_C_LANGUAGE_STANDARD = gnu11;
				GCC_DYNAMIC_NO_PIC = NO;
				GCC_NO_COMMON_BLOCKS = YES;
				GCC_OPTIMIZATION_LEVEL = 0;
				GCC_PREPROCESSOR_DEFINITIONS = (
					"DEBUG=1",
					"$(inherited)",
				);
				GCC_WARN_64_TO_32_BIT_CONVERSION = YES;
				GCC_WARN_ABOUT_RETURN_TYPE = YES_ERROR;
				GCC_WARN_UNDECLARED_SELECTOR = YES;
				GCC_WARN_UNINITIALIZED_AUTOS = YES_AGGRESSIVE;
				GCC_WARN_UNUSED_FUNCTION = YES;
				GCC_WARN_UNUSED_VARIABLE = YES;
				IPHONEOS_DEPLOYMENT_TARGET = 14.4;
				MTL_ENABLE_DEBUG_INFO = INCLUDE_SOURCE;
				MTL_FAST_MATH = YES;
				ONLY_ACTIVE_ARCH = YES;
				SDKROOT = iphoneos;
				SWIFT_ACTIVE_COMPILATION_CONDITIONS = DEBUG;
				SWIFT_OPTIMIZATION_LEVEL = "-Onone";
			};
			name = Debug;
		};
		A113D5B828F75A7A00D5049F /* Release */ = {
			isa = XCBuildConfiguration;
			buildSettings = {
				ALWAYS_SEARCH_USER_PATHS = NO;
				CLANG_ANALYZER_NONNULL = YES;
				CLANG_ANALYZER_NUMBER_OBJECT_CONVERSION = YES_AGGRESSIVE;
				CLANG_CXX_LANGUAGE_STANDARD = "gnu++14";
				CLANG_CXX_LIBRARY = "libc++";
				CLANG_ENABLE_MODULES = YES;
				CLANG_ENABLE_OBJC_ARC = YES;
				CLANG_ENABLE_OBJC_WEAK = YES;
				CLANG_WARN_BLOCK_CAPTURE_AUTORELEASING = YES;
				CLANG_WARN_BOOL_CONVERSION = YES;
				CLANG_WARN_COMMA = YES;
				CLANG_WARN_CONSTANT_CONVERSION = YES;
				CLANG_WARN_DEPRECATED_OBJC_IMPLEMENTATIONS = YES;
				CLANG_WARN_DIRECT_OBJC_ISA_USAGE = YES_ERROR;
				CLANG_WARN_DOCUMENTATION_COMMENTS = YES;
				CLANG_WARN_EMPTY_BODY = YES;
				CLANG_WARN_ENUM_CONVERSION = YES;
				CLANG_WARN_INFINITE_RECURSION = YES;
				CLANG_WARN_INT_CONVERSION = YES;
				CLANG_WARN_NON_LITERAL_NULL_CONVERSION = YES;
				CLANG_WARN_OBJC_IMPLICIT_RETAIN_SELF = YES;
				CLANG_WARN_OBJC_LITERAL_CONVERSION = YES;
				CLANG_WARN_OBJC_ROOT_CLASS = YES_ERROR;
				CLANG_WARN_QUOTED_INCLUDE_IN_FRAMEWORK_HEADER = YES;
				CLANG_WARN_RANGE_LOOP_ANALYSIS = YES;
				CLANG_WARN_STRICT_PROTOTYPES = YES;
				CLANG_WARN_SUSPICIOUS_MOVE = YES;
				CLANG_WARN_UNGUARDED_AVAILABILITY = YES_AGGRESSIVE;
				CLANG_WARN_UNREACHABLE_CODE = YES;
				CLANG_WARN__DUPLICATE_METHOD_MATCH = YES;
				COPY_PHASE_STRIP = NO;
				DEBUG_INFORMATION_FORMAT = "dwarf-with-dsym";
				ENABLE_NS_ASSERTIONS = NO;
				ENABLE_STRICT_OBJC_MSGSEND = YES;
				GCC_C_LANGUAGE_STANDARD = gnu11;
				GCC_NO_COMMON_BLOCKS = YES;
				GCC_WARN_64_TO_32_BIT_CONVERSION = YES;
				GCC_WARN_ABOUT_RETURN_TYPE = YES_ERROR;
				GCC_WARN_UNDECLARED_SELECTOR = YES;
				GCC_WARN_UNINITIALIZED_AUTOS = YES_AGGRESSIVE;
				GCC_WARN_UNUSED_FUNCTION = YES;
				GCC_WARN_UNUSED_VARIABLE = YES;
				IPHONEOS_DEPLOYMENT_TARGET = 14.4;
				MTL_ENABLE_DEBUG_INFO = NO;
				MTL_FAST_MATH = YES;
				SDKROOT = iphoneos;
				SWIFT_COMPILATION_MODE = wholemodule;
				SWIFT_OPTIMIZATION_LEVEL = "-O";
				VALIDATE_PRODUCT = YES;
			};
			name = Release;
		};
		A113D5BA28F75A7A00D5049F /* Debug */ = {
			isa = XCBuildConfiguration;
			buildSettings = {
				ASSETCATALOG_COMPILER_APPICON_NAME = AppIcon;
				ASSETCATALOG_COMPILER_GLOBAL_ACCENT_COLOR_NAME = AccentColor;
				CODE_SIGN_STYLE = Automatic;
				DEVELOPMENT_ASSET_PATHS = "\"Imogen/Preview Content\"";
				ENABLE_PREVIEWS = YES;
				INFOPLIST_FILE = Imogen/Info.plist;
				IPHONEOS_DEPLOYMENT_TARGET = 15.0;
				LD_RUNPATH_SEARCH_PATHS = (
					"$(inherited)",
					"@executable_path/Frameworks",
				);
				PRODUCT_BUNDLE_IDENTIFIER = com.umich.edu.Imogen.Imogen;
				PRODUCT_NAME = "$(TARGET_NAME)";
				SWIFT_VERSION = 5.0;
				TARGETED_DEVICE_FAMILY = "1,2";
			};
			name = Debug;
		};
		A113D5BB28F75A7A00D5049F /* Release */ = {
			isa = XCBuildConfiguration;
			buildSettings = {
				ASSETCATALOG_COMPILER_APPICON_NAME = AppIcon;
				ASSETCATALOG_COMPILER_GLOBAL_ACCENT_COLOR_NAME = AccentColor;
				CODE_SIGN_STYLE = Automatic;
				DEVELOPMENT_ASSET_PATHS = "\"Imogen/Preview Content\"";
				ENABLE_PREVIEWS = YES;
				INFOPLIST_FILE = Imogen/Info.plist;
				IPHONEOS_DEPLOYMENT_TARGET = 15.0;
				LD_RUNPATH_SEARCH_PATHS = (
					"$(inherited)",
					"@executable_path/Frameworks",
				);
				PRODUCT_BUNDLE_IDENTIFIER = com.umich.edu.Imogen.Imogen;
				PRODUCT_NAME = "$(TARGET_NAME)";
				SWIFT_VERSION = 5.0;
				TARGETED_DEVICE_FAMILY = "1,2";
			};
			name = Release;
		};
		A113D5BD28F75A7A00D5049F /* Debug */ = {
			isa = XCBuildConfiguration;
			buildSettings = {
				ALWAYS_EMBED_SWIFT_STANDARD_LIBRARIES = YES;
				BUNDLE_LOADER = "$(TEST_HOST)";
				CODE_SIGN_STYLE = Automatic;
				INFOPLIST_FILE = LandmarksTests/Info.plist;
				IPHONEOS_DEPLOYMENT_TARGET = 14.0;
				LD_RUNPATH_SEARCH_PATHS = (
					"$(inherited)",
					"@executable_path/Frameworks",
					"@loader_path/Frameworks",
				);
				PRODUCT_BUNDLE_IDENTIFIER = com.umich.edu.Landmarks.LandmarksTests;
				PRODUCT_NAME = "$(TARGET_NAME)";
				SWIFT_VERSION = 5.0;
				TARGETED_DEVICE_FAMILY = "1,2";
				TEST_HOST = "$(BUILT_PRODUCTS_DIR)/Imogen.app/Imogen";
			};
			name = Debug;
		};
		A113D5BE28F75A7A00D5049F /* Release */ = {
			isa = XCBuildConfiguration;
			buildSettings = {
				ALWAYS_EMBED_SWIFT_STANDARD_LIBRARIES = YES;
				BUNDLE_LOADER = "$(TEST_HOST)";
				CODE_SIGN_STYLE = Automatic;
				INFOPLIST_FILE = LandmarksTests/Info.plist;
				IPHONEOS_DEPLOYMENT_TARGET = 14.0;
				LD_RUNPATH_SEARCH_PATHS = (
					"$(inherited)",
					"@executable_path/Frameworks",
					"@loader_path/Frameworks",
				);
				PRODUCT_BUNDLE_IDENTIFIER = com.umich.edu.Landmarks.LandmarksTests;
				PRODUCT_NAME = "$(TARGET_NAME)";
				SWIFT_VERSION = 5.0;
				TARGETED_DEVICE_FAMILY = "1,2";
				TEST_HOST = "$(BUILT_PRODUCTS_DIR)/Imogen.app/Imogen";
			};
			name = Release;
		};
		A113D5C028F75A7A00D5049F /* Debug */ = {
			isa = XCBuildConfiguration;
			buildSettings = {
				ALWAYS_EMBED_SWIFT_STANDARD_LIBRARIES = YES;
				CODE_SIGN_STYLE = Automatic;
				INFOPLIST_FILE = LandmarksUITests/Info.plist;
				LD_RUNPATH_SEARCH_PATHS = (
					"$(inherited)",
					"@executable_path/Frameworks",
					"@loader_path/Frameworks",
				);
				PRODUCT_BUNDLE_IDENTIFIER = com.umich.edu.Landmarks.LandmarksUITests;
				PRODUCT_NAME = "$(TARGET_NAME)";
				SWIFT_VERSION = 5.0;
				TARGETED_DEVICE_FAMILY = "1,2";
				TEST_TARGET_NAME = Landmarks;
			};
			name = Debug;
		};
		A113D5C128F75A7A00D5049F /* Release */ = {
			isa = XCBuildConfiguration;
			buildSettings = {
				ALWAYS_EMBED_SWIFT_STANDARD_LIBRARIES = YES;
				CODE_SIGN_STYLE = Automatic;
				INFOPLIST_FILE = LandmarksUITests/Info.plist;
				LD_RUNPATH_SEARCH_PATHS = (
					"$(inherited)",
					"@executable_path/Frameworks",
					"@loader_path/Frameworks",
				);
				PRODUCT_BUNDLE_IDENTIFIER = com.umich.edu.Landmarks.LandmarksUITests;
				PRODUCT_NAME = "$(TARGET_NAME)";
				SWIFT_VERSION = 5.0;
				TARGETED_DEVICE_FAMILY = "1,2";
				TEST_TARGET_NAME = Landmarks;
			};
			name = Release;
		};
/* End XCBuildConfiguration section */

/* Begin XCConfigurationList section */
		A113D58F28F75A7600D5049F /* Build configuration list for PBXProject "Imogen" */ = {
			isa = XCConfigurationList;
			buildConfigurations = (
				A113D5B728F75A7A00D5049F /* Debug */,
				A113D5B828F75A7A00D5049F /* Release */,
			);
			defaultConfigurationIsVisible = 0;
			defaultConfigurationName = Release;
		};
		A113D5B928F75A7A00D5049F /* Build configuration list for PBXNativeTarget "Imogen" */ = {
			isa = XCConfigurationList;
			buildConfigurations = (
				A113D5BA28F75A7A00D5049F /* Debug */,
				A113D5BB28F75A7A00D5049F /* Release */,
			);
			defaultConfigurationIsVisible = 0;
			defaultConfigurationName = Release;
		};
		A113D5BC28F75A7A00D5049F /* Build configuration list for PBXNativeTarget "ImogenTests" */ = {
			isa = XCConfigurationList;
			buildConfigurations = (
				A113D5BD28F75A7A00D5049F /* Debug */,
				A113D5BE28F75A7A00D5049F /* Release */,
			);
			defaultConfigurationIsVisible = 0;
			defaultConfigurationName = Release;
		};
		A113D5BF28F75A7A00D5049F /* Build configuration list for PBXNativeTarget "ImogenUITests" */ = {
			isa = XCConfigurationList;
			buildConfigurations = (
				A113D5C028F75A7A00D5049F /* Debug */,
				A113D5C128F75A7A00D5049F /* Release */,
			);
			defaultConfigurationIsVisible = 0;
			defaultConfigurationName = Release;
		};
/* End XCConfigurationList section */
	};
	rootObject = A113D58C28F75A7600D5049F /* Project object */;
}
